
Microsoft Visual Studio Solution File, Format Version 12.00
# Visual Studio Version 16
VisualStudioVersion = 16.0.30128.74
MinimumVisualStudioVersion = 10.0.40219.1
Project("{9A19103F-16F7-4668-BE54-9A1E7A4F7556}") = "BookRepositoryDemo", "BookRepositoryDemo.csproj", "{F4295E7D-2180-41F0-AA9A-E8FE84B50D19}"
EndProject
Project("{9A19103F-16F7-4668-BE54-9A1E7A4F7556}") = "BookRepositoryDemo_Tests", "..\BookRepositoryDemo_Tests\BookRepositoryDemo_Tests.csproj", "{3497261D-5283-459D-9040-C0FD360D6469}"
EndProject
Project("{FAE04EC0-301F-11D3-BF4B-00C04F79EFBC}") = "BookRepositoryDemoMVC_Client", "..\BookRepositoryDemoMVC_Client\BookRepositoryDemoMVC_Client.csproj", "{8D5B04C9-5856-4BDA-9A60-E0866BA9CC1D}"
EndProject
Global
	GlobalSection(SolutionConfigurationPlatforms) = preSolution
		Debug|Any CPU = Debug|Any CPU
		Release|Any CPU = Release|Any CPU
	EndGlobalSection
	GlobalSection(ProjectConfigurationPlatforms) = postSolution
		{F4295E7D-2180-41F0-AA9A-E8FE84B50D19}.Debug|Any CPU.ActiveCfg = Debug|Any CPU
		{F4295E7D-2180-41F0-AA9A-E8FE84B50D19}.Debug|Any CPU.Build.0 = Debug|Any CPU
		{F4295E7D-2180-41F0-AA9A-E8FE84B50D19}.Release|Any CPU.ActiveCfg = Release|Any CPU
		{F4295E7D-2180-41F0-AA9A-E8FE84B50D19}.Release|Any CPU.Build.0 = Release|Any CPU
		{3497261D-5283-459D-9040-C0FD360D6469}.Debug|Any CPU.ActiveCfg = Debug|Any CPU
		{3497261D-5283-459D-9040-C0FD360D6469}.Debug|Any CPU.Build.0 = Debug|Any CPU
		{3497261D-5283-459D-9040-C0FD360D6469}.Release|Any CPU.ActiveCfg = Release|Any CPU
		{3497261D-5283-459D-9040-C0FD360D6469}.Release|Any CPU.Build.0 = Release|Any CPU
		{8D5B04C9-5856-4BDA-9A60-E0866BA9CC1D}.Debug|Any CPU.ActiveCfg = Debug|Any CPU
		{8D5B04C9-5856-4BDA-9A60-E0866BA9CC1D}.Debug|Any CPU.Build.0 = Debug|Any CPU
		{8D5B04C9-5856-4BDA-9A60-E0866BA9CC1D}.Release|Any CPU.ActiveCfg = Release|Any CPU
		{8D5B04C9-5856-4BDA-9A60-E0866BA9CC1D}.Release|Any CPU.Build.0 = Release|Any CPU
	EndGlobalSection
	GlobalSection(SolutionProperties) = preSolution
		HideSolutionNode = FALSE
	EndGlobalSection
	GlobalSection(ExtensibilityGlobals) = postSolution
		SolutionGuid = {02B1090B-13DE-4857-BAAC-0AE948E66258}
	EndGlobalSection
EndGlobal
